<?xml version="1.0" encoding="utf-8"?>
<Project ToolsVersion="4.0" xmlns="http://schemas.microsoft.com/developer/msbuild/2003">
  <ItemGroup>
    <Filter Include="ソースファイル">
      <UniqueIdentifier>{8d50c992-a489-4676-96a8-e1ea3567ae1f}</UniqueIdentifier>
    </Filter>
    <Filter Include="hmLib">
      <UniqueIdentifier>{71541446-1f76-47a6-9c79-297dcbd1e2a1}</UniqueIdentifier>
    </Filter>
    <Filter Include="hmLib\algorithm">
      <UniqueIdentifier>{d70cbea0-8114-4e02-b848-a91448a35151}</UniqueIdentifier>
    </Filter>
    <Filter Include="hmLib\ccontainer">
      <UniqueIdentifier>{6d15265b-3e41-44a4-afa1-adf8df1dadb1}</UniqueIdentifier>
    </Filter>
    <Filter Include="hmLib\enumerators">
      <UniqueIdentifier>{7ed6074d-ca76-4b54-b183-0c6b5ddf4449}</UniqueIdentifier>
    </Filter>
    <Filter Include="hmLib\exceptions">
      <UniqueIdentifier>{f9c9a443-4c32-480b-8698-1ea2a8ac00b1}</UniqueIdentifier>
    </Filter>
    <Filter Include="hmLib\inquiries">
      <UniqueIdentifier>{3b821c24-4754-4894-a578-eb3af8876715}</UniqueIdentifier>
    </Filter>
    <Filter Include="hmLib\lattices">
      <UniqueIdentifier>{9bb8aac7-ba8f-4b45-a43b-f9f65a4de680}</UniqueIdentifier>
    </Filter>
    <Filter Include="hmLib\odeint">
      <UniqueIdentifier>{6fd0c62c-47c7-4ce0-8b0c-ff2ee6f181b4}</UniqueIdentifier>
    </Filter>
    <Filter Include="hmLib\random">
      <UniqueIdentifier>{9828f025-72a3-40cd-b42f-d439aa2fd518}</UniqueIdentifier>
    </Filter>
    <Filter Include="hmLib\sequence">
      <UniqueIdentifier>{6d223cba-a903-469b-89f2-51e55250a847}</UniqueIdentifier>
    </Filter>
    <Filter Include="hmLib\signals">
      <UniqueIdentifier>{5c9ee5c9-8f30-47d1-8f71-c3dcfc9a36f7}</UniqueIdentifier>
    </Filter>
    <Filter Include="hmLib\typemanage">
      <UniqueIdentifier>{ea83acd1-4c16-498a-b87c-c4922d4fe42d}</UniqueIdentifier>
    </Filter>
    <Filter Include="hmLib\odeint\observer">
      <UniqueIdentifier>{e920b87d-d779-4464-a362-9503a938bdd1}</UniqueIdentifier>
    </Filter>
    <Filter Include="hmLib\odeint\interfere">
      <UniqueIdentifier>{bfd5b6a4-9c20-462c-a96b-ae482a1d7bbb}</UniqueIdentifier>
    </Filter>
    <Filter Include="hmLib\iterators">
      <UniqueIdentifier>{72210415-8987-4401-99c7-796733475510}</UniqueIdentifier>
    </Filter>
    <Filter Include="hmLib\math">
      <UniqueIdentifier>{22fcbf3b-01d8-4ae7-8cfa-606b8e1e2051}</UniqueIdentifier>
    </Filter>
    <Filter Include="hmLib\geometry">
      <UniqueIdentifier>{00cbf0ca-f2a2-441b-8627-f0d1d2edaeec}</UniqueIdentifier>
    </Filter>
    <Filter Include="hmLib\gates">
      <UniqueIdentifier>{7bda1352-a906-4a6d-8b99-d0438023bf0d}</UniqueIdentifier>
    </Filter>
    <Filter Include="hmLib\gates\comgate">
      <UniqueIdentifier>{8631be19-6e7d-430a-ba4e-4cb6372d84c3}</UniqueIdentifier>
    </Filter>
    <Filter Include="hmLib\functional">
      <UniqueIdentifier>{c65ccdf2-3c8d-4b0b-87be-0d83391c8d7c}</UniqueIdentifier>
    </Filter>
    <Filter Include="hmLib\monad">
      <UniqueIdentifier>{74a884c7-cc01-460d-b459-05bf8f28ef50}</UniqueIdentifier>
    </Filter>
  </ItemGroup>
  <ItemGroup>
    <ClCompile Include="use_odeint.cpp">
      <Filter>ソースファイル</Filter>
    </ClCompile>
  </ItemGroup>
  <ItemGroup>
    <ClInclude Include="..\..\..\algorithm\nonrepeat_random_integrals.hpp">
      <Filter>hmLib\algorithm</Filter>
    </ClInclude>
    <ClInclude Include="..\..\..\algorithm\numeric.hpp">
      <Filter>hmLib\algorithm</Filter>
    </ClInclude>
    <ClInclude Include="..\..\..\algorithm\sampling.hpp">
      <Filter>hmLib\algorithm</Filter>
    </ClInclude>
    <ClInclude Include="..\..\..\algorithm\algorithm.hpp">
      <Filter>hmLib\algorithm</Filter>
    </ClInclude>
    <ClInclude Include="..\..\..\algorithm\compare.hpp">
      <Filter>hmLib\algorithm</Filter>
    </ClInclude>
    <ClInclude Include="..\..\..\ccontainer\cqueue.h">
      <Filter>hmLib\ccontainer</Filter>
    </ClInclude>
    <ClInclude Include="..\..\..\ccontainer\cstack.h">
      <Filter>hmLib\ccontainer</Filter>
    </ClInclude>
    <ClInclude Include="..\..\..\ccontainer\cstring.h">
      <Filter>hmLib\ccontainer</Filter>
    </ClInclude>
    <ClInclude Include="..\..\..\ccontainer\cdeque.h">
      <Filter>hmLib\ccontainer</Filter>
    </ClInclude>
    <ClInclude Include="..\..\..\enumerators\enumbase.hpp">
      <Filter>hmLib\enumerators</Filter>
    </ClInclude>
    <ClInclude Include="..\..\..\enumerators\enumerator.hpp">
      <Filter>hmLib\enumerators</Filter>
    </ClInclude>
    <ClInclude Include="..\..\..\enumerators\enumerator_defines.hpp">
      <Filter>hmLib\enumerators</Filter>
    </ClInclude>
    <ClInclude Include="..\..\..\enumerators\enumerator_traits.hpp">
      <Filter>hmLib\enumerators</Filter>
    </ClInclude>
    <ClInclude Include="..\..\..\enumerators\numeric_ability.hpp">
      <Filter>hmLib\enumerators</Filter>
    </ClInclude>
    <ClInclude Include="..\..\..\enumerators\random_algorithm_ability.hpp">
      <Filter>hmLib\enumerators</Filter>
    </ClInclude>
    <ClInclude Include="..\..\..\enumerators\traversal_ability.hpp">
      <Filter>hmLib\enumerators</Filter>
    </ClInclude>
    <ClInclude Include="..\..\..\enumerators\algorithm_ability.hpp">
      <Filter>hmLib\enumerators</Filter>
    </ClInclude>
    <ClInclude Include="..\..\..\exceptions\access_exceptions.hpp">
      <Filter>hmLib\exceptions</Filter>
    </ClInclude>
    <ClInclude Include="..\..\..\exceptions\application_exceptions.hpp">
      <Filter>hmLib\exceptions</Filter>
    </ClInclude>
    <ClInclude Include="..\..\..\exceptions\exception.hpp">
      <Filter>hmLib\exceptions</Filter>
    </ClInclude>
    <ClInclude Include="..\..\..\exceptions\io_exceptions.hpp">
      <Filter>hmLib\exceptions</Filter>
    </ClInclude>
    <ClInclude Include="..\..\..\exceptions\memory_exceptions.hpp">
      <Filter>hmLib\exceptions</Filter>
    </ClInclude>
    <ClInclude Include="..\..\..\exceptions\numeric_exceptions.hpp">
      <Filter>hmLib\exceptions</Filter>
    </ClInclude>
    <ClInclude Include="..\..\..\inquiries\inquiry.hpp">
      <Filter>hmLib\inquiries</Filter>
    </ClInclude>
    <ClInclude Include="..\..\..\inquiries\inquiry_abstruct.hpp">
      <Filter>hmLib\inquiries</Filter>
    </ClInclude>
    <ClInclude Include="..\..\..\inquiries\range_inquiry.hpp">
      <Filter>hmLib\inquiries</Filter>
    </ClInclude>
    <ClInclude Include="..\..\..\inquiries\signaled_contact.hpp">
      <Filter>hmLib\inquiries</Filter>
    </ClInclude>
    <ClInclude Include="..\..\..\inquiries\signal_inquiry.hpp">
      <Filter>hmLib\inquiries</Filter>
    </ClInclude>
    <ClInclude Include="..\..\..\inquiries\unique_connections.hpp">
      <Filter>hmLib\inquiries</Filter>
    </ClInclude>
    <ClInclude Include="..\..\..\lattices\exceptions.hpp">
      <Filter>hmLib\lattices</Filter>
    </ClInclude>
    <ClInclude Include="..\..\..\lattices\iterator.hpp">
      <Filter>hmLib\lattices</Filter>
    </ClInclude>
    <ClInclude Include="..\..\..\lattices\lattice_view.hpp">
      <Filter>hmLib\lattices</Filter>
    </ClInclude>
    <ClInclude Include="..\..\..\lattices\locator.hpp">
      <Filter>hmLib\lattices</Filter>
    </ClInclude>
    <ClInclude Include="..\..\..\lattices\torus_lattice_view.hpp">
      <Filter>hmLib\lattices</Filter>
    </ClInclude>
    <ClInclude Include="..\..\..\lattices\torus_locator.hpp">
      <Filter>hmLib\lattices</Filter>
    </ClInclude>
    <ClInclude Include="..\..\..\lattices\utility.hpp">
      <Filter>hmLib\lattices</Filter>
    </ClInclude>
    <ClInclude Include="..\..\..\random\pair_normal_distribution.hpp">
      <Filter>hmLib\random</Filter>
    </ClInclude>
    <ClInclude Include="..\..\..\random\random_bits.hpp">
      <Filter>hmLib\random</Filter>
    </ClInclude>
    <ClInclude Include="..\..\..\random\random_engine.hpp">
      <Filter>hmLib\random</Filter>
    </ClInclude>
    <ClInclude Include="..\..\..\random\xorshift.hpp">
      <Filter>hmLib\random</Filter>
    </ClInclude>
    <ClInclude Include="..\..\..\sequence\breakable_progress.hpp">
      <Filter>hmLib\sequence</Filter>
    </ClInclude>
    <ClInclude Include="..\..\..\sequence\progress.hpp">
      <Filter>hmLib\sequence</Filter>
    </ClInclude>
    <ClInclude Include="..\..\..\signals\connect.hpp">
      <Filter>hmLib\signals</Filter>
    </ClInclude>
    <ClInclude Include="..\..\..\signals\unique_connections.hpp">
      <Filter>hmLib\signals</Filter>
    </ClInclude>
    <ClInclude Include="..\..\..\typemanage\listup_name.hpp">
      <Filter>hmLib\typemanage</Filter>
    </ClInclude>
    <ClInclude Include="..\..\..\typemanage\listup_parameter.hpp">
      <Filter>hmLib\typemanage</Filter>
    </ClInclude>
    <ClInclude Include="..\..\..\typemanage\listup_string_build.hpp">
      <Filter>hmLib\typemanage</Filter>
    </ClInclude>
    <ClInclude Include="..\..\..\typemanage\parameter.hpp">
      <Filter>hmLib\typemanage</Filter>
    </ClInclude>
    <ClInclude Include="..\..\..\typemanage\string_build.hpp">
      <Filter>hmLib\typemanage</Filter>
    </ClInclude>
    <ClInclude Include="..\..\..\typemanage\type_manage.hpp">
      <Filter>hmLib\typemanage</Filter>
    </ClInclude>
    <ClInclude Include="..\..\..\typemanage\type_name.hpp">
      <Filter>hmLib\typemanage</Filter>
    </ClInclude>
    <ClInclude Include="..\..\..\odeint\observer\eqstate_break_observer.hpp">
      <Filter>hmLib\odeint\observer</Filter>
    </ClInclude>
    <ClInclude Include="..\..\..\odeint\observer\iterator_observer.hpp">
      <Filter>hmLib\odeint\observer</Filter>
    </ClInclude>
    <ClInclude Include="..\..\..\odeint\observer\stream_observer.hpp">
      <Filter>hmLib\odeint\observer</Filter>
    </ClInclude>
    <ClInclude Include="..\..\..\odeint\observer\break_observer.hpp">
      <Filter>hmLib\odeint\observer</Filter>
    </ClInclude>
    <ClInclude Include="..\..\..\odeint\observer\container_observer.hpp">
      <Filter>hmLib\odeint\observer</Filter>
    </ClInclude>
    <ClInclude Include="..\..\..\odeint\utility.hpp">
      <Filter>hmLib\odeint</Filter>
    </ClInclude>
    <ClInclude Include="..\..\..\odeint\varray_wrapper.hpp">
      <Filter>hmLib\odeint</Filter>
    </ClInclude>
    <ClInclude Include="..\..\..\odeint\breakable_integrate.hpp">
      <Filter>hmLib\odeint</Filter>
    </ClInclude>
    <ClInclude Include="..\..\..\odeint\interfere.hpp">
      <Filter>hmLib\odeint</Filter>
    </ClInclude>
    <ClInclude Include="..\..\..\odeint\interfere\interfere_integrate_adaptive.hpp">
      <Filter>hmLib\odeint\interfere</Filter>
    </ClInclude>
    <ClInclude Include="..\..\..\odeint\interfere\interfere_integrate_const.hpp">
      <Filter>hmLib\odeint\interfere</Filter>
    </ClInclude>
    <ClInclude Include="..\..\..\odeint\interfere\interfere_type.hpp">
      <Filter>hmLib\odeint\interfere</Filter>
    </ClInclude>
    <ClInclude Include="..\..\..\odeint\interfere\float_boundary.hpp">
      <Filter>hmLib\odeint\interfere</Filter>
    </ClInclude>
    <ClInclude Include="..\..\..\odeint\interfere\boundary.hpp">
      <Filter>hmLib\odeint\interfere</Filter>
    </ClInclude>
    <ClInclude Include="..\..\..\lattices\lattice.hpp">
      <Filter>hmLib\lattices</Filter>
    </ClInclude>
    <ClInclude Include="..\..\..\lattices\torus_lattice.hpp">
      <Filter>hmLib\lattices</Filter>
    </ClInclude>
    <ClInclude Include="..\..\..\streambuf_interface.hpp">
      <Filter>hmLib</Filter>
    </ClInclude>
    <ClInclude Include="..\..\..\table.hpp">
      <Filter>hmLib</Filter>
    </ClInclude>
    <ClInclude Include="..\..\..\tuple.hpp">
      <Filter>hmLib</Filter>
    </ClInclude>
    <ClInclude Include="..\..\..\type_traits.hpp">
      <Filter>hmLib</Filter>
    </ClInclude>
    <ClInclude Include="..\..\..\typemanage.hpp">
      <Filter>hmLib</Filter>
    </ClInclude>
    <ClInclude Include="..\..\..\utility.hpp">
      <Filter>hmLib</Filter>
    </ClInclude>
    <ClInclude Include="..\..\..\varray.hpp">
      <Filter>hmLib</Filter>
    </ClInclude>
    <ClInclude Include="..\..\..\version.h">
      <Filter>hmLib</Filter>
    </ClInclude>
    <ClInclude Include="..\..\..\algorithm.hpp">
      <Filter>hmLib</Filter>
    </ClInclude>
    <ClInclude Include="..\..\..\circular.hpp">
      <Filter>hmLib</Filter>
    </ClInclude>
    <ClInclude Include="..\..\..\color.hpp">
      <Filter>hmLib</Filter>
    </ClInclude>
    <ClInclude Include="..\..\..\config_vc.h">
      <Filter>hmLib</Filter>
    </ClInclude>
    <ClInclude Include="..\..\..\coordinates.hpp">
      <Filter>hmLib</Filter>
    </ClInclude>
    <ClInclude Include="..\..\..\csv_iterator.hpp">
      <Filter>hmLib</Filter>
    </ClInclude>
    <ClInclude Include="..\..\..\date.hpp">
      <Filter>hmLib</Filter>
    </ClInclude>
    <ClInclude Include="..\..\..\debugstream.hpp">
      <Filter>hmLib</Filter>
    </ClInclude>
    <ClInclude Include="..\..\..\either.hpp">
      <Filter>hmLib</Filter>
    </ClInclude>
    <ClInclude Include="..\..\..\enumerators.hpp">
      <Filter>hmLib</Filter>
    </ClInclude>
    <ClInclude Include="..\..\..\exceptions.hpp">
      <Filter>hmLib</Filter>
    </ClInclude>
    <ClInclude Include="..\..\..\filterbuf.hpp">
      <Filter>hmLib</Filter>
    </ClInclude>
    <ClInclude Include="..\..\..\functional.hpp">
      <Filter>hmLib</Filter>
    </ClInclude>
    <ClInclude Include="..\..\..\gps.hpp">
      <Filter>hmLib</Filter>
    </ClInclude>
    <ClInclude Include="..\..\..\hmLib_config.h">
      <Filter>hmLib</Filter>
    </ClInclude>
    <ClInclude Include="..\..\..\inquiries.hpp">
      <Filter>hmLib</Filter>
    </ClInclude>
    <ClInclude Include="..\..\..\iocsv.hpp">
      <Filter>hmLib</Filter>
    </ClInclude>
    <ClInclude Include="..\..\..\iterators.hpp">
      <Filter>hmLib</Filter>
    </ClInclude>
    <ClInclude Include="..\..\..\lattices.hpp">
      <Filter>hmLib</Filter>
    </ClInclude>
    <ClInclude Include="..\..\..\math.hpp">
      <Filter>hmLib</Filter>
    </ClInclude>
    <ClInclude Include="..\..\..\mutex_proxy.hpp">
      <Filter>hmLib</Filter>
    </ClInclude>
    <ClInclude Include="..\..\..\odeint.hpp">
      <Filter>hmLib</Filter>
    </ClInclude>
    <ClInclude Include="..\..\..\random.hpp">
      <Filter>hmLib</Filter>
    </ClInclude>
    <ClInclude Include="..\..\..\resource.hpp">
      <Filter>hmLib</Filter>
    </ClInclude>
    <ClInclude Include="..\..\..\sequence.hpp">
      <Filter>hmLib</Filter>
    </ClInclude>
    <ClInclude Include="..\..\..\signals.hpp">
      <Filter>hmLib</Filter>
    </ClInclude>
    <ClInclude Include="..\..\..\static_buffer.hpp">
      <Filter>hmLib</Filter>
    </ClInclude>
    <ClInclude Include="..\..\..\math\optimize.hpp">
      <Filter>hmLib\math</Filter>
    </ClInclude>
    <ClInclude Include="..\..\..\math\axis.hpp">
      <Filter>hmLib\math</Filter>
    </ClInclude>
    <ClInclude Include="..\..\..\gates\comgate\winrs.hpp">
      <Filter>hmLib\gates\comgate</Filter>
    </ClInclude>
    <ClInclude Include="..\..\..\gates\comgate\ifline.h">
      <Filter>hmLib\gates\comgate</Filter>
    </ClInclude>
    <ClInclude Include="..\..\..\gates\comgate.hpp">
      <Filter>hmLib\gates</Filter>
    </ClInclude>
    <ClInclude Include="..\..\..\gates\gate.hpp">
      <Filter>hmLib\gates</Filter>
    </ClInclude>
    <ClInclude Include="..\..\..\gates\bufgate.hpp">
      <Filter>hmLib\gates</Filter>
    </ClInclude>
    <ClInclude Include="..\..\..\gates\exceptions.hpp">
      <Filter>hmLib\gates</Filter>
    </ClInclude>
    <ClInclude Include="..\..\..\gates.hpp">
      <Filter>hmLib</Filter>
    </ClInclude>
    <ClInclude Include="..\..\..\math\constants.hpp">
      <Filter>hmLib\math</Filter>
    </ClInclude>
    <ClInclude Include="..\..\..\math\root.hpp">
      <Filter>hmLib\math</Filter>
    </ClInclude>
    <ClInclude Include="..\..\..\geometry\segment.hpp">
      <Filter>hmLib\geometry</Filter>
    </ClInclude>
    <ClInclude Include="..\..\..\math\factorial.hpp">
      <Filter>hmLib\math</Filter>
    </ClInclude>
    <ClInclude Include="..\..\..\geometry\point.hpp">
      <Filter>hmLib\geometry</Filter>
    </ClInclude>
    <ClInclude Include="..\..\..\geometry.hpp">
      <Filter>hmLib</Filter>
    </ClInclude>
    <ClInclude Include="..\..\..\math\plane_root.hpp">
      <Filter>hmLib\math</Filter>
    </ClInclude>
    <ClInclude Include="..\..\..\algorithm\keep_if.hpp">
      <Filter>hmLib\algorithm</Filter>
    </ClInclude>
    <ClInclude Include="..\..\..\lattices\indexer.hpp">
      <Filter>hmLib\lattices</Filter>
    </ClInclude>
    <ClInclude Include="..\..\..\lattices\torus_iterator.hpp">
      <Filter>hmLib\lattices</Filter>
    </ClInclude>
    <ClInclude Include="..\..\..\clone_ptrproxy.hpp">
      <Filter>hmLib</Filter>
    </ClInclude>
    <ClInclude Include="..\..\..\iterators\any_iterator.hpp">
      <Filter>hmLib\iterators</Filter>
    </ClInclude>
    <ClInclude Include="..\..\..\iterators\index_access_iterator.hpp">
      <Filter>hmLib\iterators</Filter>
    </ClInclude>
    <ClInclude Include="..\..\..\iterators\inserter.hpp">
      <Filter>hmLib\iterators</Filter>
    </ClInclude>
    <ClInclude Include="..\..\..\iterators\integer_iterator.hpp">
      <Filter>hmLib\iterators</Filter>
    </ClInclude>
    <ClInclude Include="..\..\..\iterators\overflow_iterator.hpp">
      <Filter>hmLib\iterators</Filter>
    </ClInclude>
    <ClInclude Include="..\..\..\iterators\range.hpp">
      <Filter>hmLib\iterators</Filter>
    </ClInclude>
    <ClInclude Include="..\..\..\iterators\transform_iterator.hpp">
      <Filter>hmLib\iterators</Filter>
    </ClInclude>
    <ClInclude Include="..\..\..\iterators\zip_iterator.hpp">
      <Filter>hmLib\iterators</Filter>
    </ClInclude>
    <ClInclude Include="..\..\..\iterators\iterator.hpp">
      <Filter>hmLib\iterators</Filter>
    </ClInclude>
    <ClInclude Include="..\..\..\functional\function_ptr.hpp">
      <Filter>hmLib\functional</Filter>
    </ClInclude>
    <ClInclude Include="..\..\..\functional\higher_order_function.hpp">
      <Filter>hmLib\functional</Filter>
    </ClInclude>
    <ClInclude Include="..\..\..\lazy.hpp">
      <Filter>hmLib</Filter>
    </ClInclude>
    <ClInclude Include="..\..\..\functional\share.hpp">
      <Filter>hmLib\functional</Filter>
    </ClInclude>
    <ClInclude Include="..\..\..\monad.hpp">
      <Filter>hmLib</Filter>
    </ClInclude>
    <ClInclude Include="..\..\..\monad\monad_traits.hpp">
      <Filter>hmLib\monad</Filter>
    </ClInclude>
  </ItemGroup>
</Project>