<?xml version="1.0" encoding="utf-8"?>
<Project ToolsVersion="4.0" xmlns="http://schemas.microsoft.com/developer/msbuild/2003">
  <ItemGroup>
    <Filter Include="ソースファイル">
      <UniqueIdentifier>{8d50c992-a489-4676-96a8-e1ea3567ae1f}</UniqueIdentifier>
    </Filter>
    <Filter Include="hmLib">
      <UniqueIdentifier>{71541446-1f76-47a6-9c79-297dcbd1e2a1}</UniqueIdentifier>
    </Filter>
    <Filter Include="hmLib\algorithm">
      <UniqueIdentifier>{d70cbea0-8114-4e02-b848-a91448a35151}</UniqueIdentifier>
    </Filter>
    <Filter Include="hmLib\ccontainer">
      <UniqueIdentifier>{6d15265b-3e41-44a4-afa1-adf8df1dadb1}</UniqueIdentifier>
    </Filter>
    <Filter Include="hmLib\enumerators">
      <UniqueIdentifier>{7ed6074d-ca76-4b54-b183-0c6b5ddf4449}</UniqueIdentifier>
    </Filter>
    <Filter Include="hmLib\exceptions">
      <UniqueIdentifier>{f9c9a443-4c32-480b-8698-1ea2a8ac00b1}</UniqueIdentifier>
    </Filter>
    <Filter Include="hmLib\inquiries">
      <UniqueIdentifier>{3b821c24-4754-4894-a578-eb3af8876715}</UniqueIdentifier>
    </Filter>
    <Filter Include="hmLib\lattices">
      <UniqueIdentifier>{9bb8aac7-ba8f-4b45-a43b-f9f65a4de680}</UniqueIdentifier>
    </Filter>
    <Filter Include="hmLib\odeint">
      <UniqueIdentifier>{6fd0c62c-47c7-4ce0-8b0c-ff2ee6f181b4}</UniqueIdentifier>
    </Filter>
    <Filter Include="hmLib\random">
      <UniqueIdentifier>{9828f025-72a3-40cd-b42f-d439aa2fd518}</UniqueIdentifier>
    </Filter>
    <Filter Include="hmLib\signals">
      <UniqueIdentifier>{5c9ee5c9-8f30-47d1-8f71-c3dcfc9a36f7}</UniqueIdentifier>
    </Filter>
    <Filter Include="hmLib\odeint\observer">
      <UniqueIdentifier>{e920b87d-d779-4464-a362-9503a938bdd1}</UniqueIdentifier>
    </Filter>
    <Filter Include="hmLib\iterators">
      <UniqueIdentifier>{72210415-8987-4401-99c7-796733475510}</UniqueIdentifier>
    </Filter>
    <Filter Include="hmLib\math">
      <UniqueIdentifier>{22fcbf3b-01d8-4ae7-8cfa-606b8e1e2051}</UniqueIdentifier>
    </Filter>
    <Filter Include="hmLib\geometry">
      <UniqueIdentifier>{00cbf0ca-f2a2-441b-8627-f0d1d2edaeec}</UniqueIdentifier>
    </Filter>
    <Filter Include="hmLib\gates">
      <UniqueIdentifier>{7bda1352-a906-4a6d-8b99-d0438023bf0d}</UniqueIdentifier>
    </Filter>
    <Filter Include="hmLib\gates\comgate">
      <UniqueIdentifier>{8631be19-6e7d-430a-ba4e-4cb6372d84c3}</UniqueIdentifier>
    </Filter>
    <Filter Include="hmLib\functional">
      <UniqueIdentifier>{c65ccdf2-3c8d-4b0b-87be-0d83391c8d7c}</UniqueIdentifier>
    </Filter>
    <Filter Include="hmLib\csv">
      <UniqueIdentifier>{f90a09b8-52b4-4c50-b330-5b5f50932922}</UniqueIdentifier>
    </Filter>
    <Filter Include="hmLib\odeint\integrate">
      <UniqueIdentifier>{62816132-b49b-4f7f-b9f8-3bb9831b73aa}</UniqueIdentifier>
    </Filter>
    <Filter Include="hmLib\odeint\validate">
      <UniqueIdentifier>{2104aa61-1021-4948-b058-242fea6b2b36}</UniqueIdentifier>
    </Filter>
    <Filter Include="hmLib\odeint\border">
      <UniqueIdentifier>{882f02ea-02ee-4269-b36e-75f96c8a144e}</UniqueIdentifier>
    </Filter>
    <Filter Include="hmLib\odeint\recursive">
      <UniqueIdentifier>{ae6724d1-ecf9-4d84-8ef8-fa19d14bd1f5}</UniqueIdentifier>
    </Filter>
    <Filter Include="hmLib\odeint\breaker">
      <UniqueIdentifier>{46448f91-6639-48e0-9a60-368e944b42ea}</UniqueIdentifier>
    </Filter>
  </ItemGroup>
  <ItemGroup>
    <ClInclude Include="..\..\..\algorithm\nonrepeat_random_integrals.hpp">
      <Filter>hmLib\algorithm</Filter>
    </ClInclude>
    <ClInclude Include="..\..\..\algorithm\numeric.hpp">
      <Filter>hmLib\algorithm</Filter>
    </ClInclude>
    <ClInclude Include="..\..\..\algorithm\sampling.hpp">
      <Filter>hmLib\algorithm</Filter>
    </ClInclude>
    <ClInclude Include="..\..\..\algorithm\algorithm.hpp">
      <Filter>hmLib\algorithm</Filter>
    </ClInclude>
    <ClInclude Include="..\..\..\algorithm\compare.hpp">
      <Filter>hmLib\algorithm</Filter>
    </ClInclude>
    <ClInclude Include="..\..\..\ccontainer\cqueue.h">
      <Filter>hmLib\ccontainer</Filter>
    </ClInclude>
    <ClInclude Include="..\..\..\ccontainer\cstack.h">
      <Filter>hmLib\ccontainer</Filter>
    </ClInclude>
    <ClInclude Include="..\..\..\ccontainer\cstring.h">
      <Filter>hmLib\ccontainer</Filter>
    </ClInclude>
    <ClInclude Include="..\..\..\ccontainer\cdeque.h">
      <Filter>hmLib\ccontainer</Filter>
    </ClInclude>
    <ClInclude Include="..\..\..\enumerators\enumbase.hpp">
      <Filter>hmLib\enumerators</Filter>
    </ClInclude>
    <ClInclude Include="..\..\..\enumerators\enumerator.hpp">
      <Filter>hmLib\enumerators</Filter>
    </ClInclude>
    <ClInclude Include="..\..\..\enumerators\enumerator_defines.hpp">
      <Filter>hmLib\enumerators</Filter>
    </ClInclude>
    <ClInclude Include="..\..\..\enumerators\enumerator_traits.hpp">
      <Filter>hmLib\enumerators</Filter>
    </ClInclude>
    <ClInclude Include="..\..\..\enumerators\numeric_ability.hpp">
      <Filter>hmLib\enumerators</Filter>
    </ClInclude>
    <ClInclude Include="..\..\..\enumerators\random_algorithm_ability.hpp">
      <Filter>hmLib\enumerators</Filter>
    </ClInclude>
    <ClInclude Include="..\..\..\enumerators\traversal_ability.hpp">
      <Filter>hmLib\enumerators</Filter>
    </ClInclude>
    <ClInclude Include="..\..\..\enumerators\algorithm_ability.hpp">
      <Filter>hmLib\enumerators</Filter>
    </ClInclude>
    <ClInclude Include="..\..\..\exceptions\access_exceptions.hpp">
      <Filter>hmLib\exceptions</Filter>
    </ClInclude>
    <ClInclude Include="..\..\..\exceptions\application_exceptions.hpp">
      <Filter>hmLib\exceptions</Filter>
    </ClInclude>
    <ClInclude Include="..\..\..\exceptions\exception.hpp">
      <Filter>hmLib\exceptions</Filter>
    </ClInclude>
    <ClInclude Include="..\..\..\exceptions\io_exceptions.hpp">
      <Filter>hmLib\exceptions</Filter>
    </ClInclude>
    <ClInclude Include="..\..\..\exceptions\memory_exceptions.hpp">
      <Filter>hmLib\exceptions</Filter>
    </ClInclude>
    <ClInclude Include="..\..\..\exceptions\numeric_exceptions.hpp">
      <Filter>hmLib\exceptions</Filter>
    </ClInclude>
    <ClInclude Include="..\..\..\inquiries\inquiry.hpp">
      <Filter>hmLib\inquiries</Filter>
    </ClInclude>
    <ClInclude Include="..\..\..\inquiries\inquiry_abstruct.hpp">
      <Filter>hmLib\inquiries</Filter>
    </ClInclude>
    <ClInclude Include="..\..\..\inquiries\range_inquiry.hpp">
      <Filter>hmLib\inquiries</Filter>
    </ClInclude>
    <ClInclude Include="..\..\..\inquiries\signaled_contact.hpp">
      <Filter>hmLib\inquiries</Filter>
    </ClInclude>
    <ClInclude Include="..\..\..\inquiries\signal_inquiry.hpp">
      <Filter>hmLib\inquiries</Filter>
    </ClInclude>
    <ClInclude Include="..\..\..\inquiries\unique_connections.hpp">
      <Filter>hmLib\inquiries</Filter>
    </ClInclude>
    <ClInclude Include="..\..\..\random\pair_normal_distribution.hpp">
      <Filter>hmLib\random</Filter>
    </ClInclude>
    <ClInclude Include="..\..\..\random\random_bits.hpp">
      <Filter>hmLib\random</Filter>
    </ClInclude>
    <ClInclude Include="..\..\..\random\random_engine.hpp">
      <Filter>hmLib\random</Filter>
    </ClInclude>
    <ClInclude Include="..\..\..\random\xorshift.hpp">
      <Filter>hmLib\random</Filter>
    </ClInclude>
    <ClInclude Include="..\..\..\signals\connect.hpp">
      <Filter>hmLib\signals</Filter>
    </ClInclude>
    <ClInclude Include="..\..\..\signals\unique_connections.hpp">
      <Filter>hmLib\signals</Filter>
    </ClInclude>
    <ClInclude Include="..\..\..\gates\comgate\winrs.hpp">
      <Filter>hmLib\gates\comgate</Filter>
    </ClInclude>
    <ClInclude Include="..\..\..\gates\comgate\ifline.h">
      <Filter>hmLib\gates\comgate</Filter>
    </ClInclude>
    <ClInclude Include="..\..\..\gates\comgate.hpp">
      <Filter>hmLib\gates</Filter>
    </ClInclude>
    <ClInclude Include="..\..\..\gates\gate.hpp">
      <Filter>hmLib\gates</Filter>
    </ClInclude>
    <ClInclude Include="..\..\..\gates\bufgate.hpp">
      <Filter>hmLib\gates</Filter>
    </ClInclude>
    <ClInclude Include="..\..\..\gates\exceptions.hpp">
      <Filter>hmLib\gates</Filter>
    </ClInclude>
    <ClInclude Include="..\..\..\geometry\segment.hpp">
      <Filter>hmLib\geometry</Filter>
    </ClInclude>
    <ClInclude Include="..\..\..\geometry\point.hpp">
      <Filter>hmLib\geometry</Filter>
    </ClInclude>
    <ClInclude Include="..\..\..\algorithm\keep_if.hpp">
      <Filter>hmLib\algorithm</Filter>
    </ClInclude>
    <ClInclude Include="..\..\..\iterators\any_iterator.hpp">
      <Filter>hmLib\iterators</Filter>
    </ClInclude>
    <ClInclude Include="..\..\..\iterators\index_access_iterator.hpp">
      <Filter>hmLib\iterators</Filter>
    </ClInclude>
    <ClInclude Include="..\..\..\iterators\inserter.hpp">
      <Filter>hmLib\iterators</Filter>
    </ClInclude>
    <ClInclude Include="..\..\..\iterators\integer_iterator.hpp">
      <Filter>hmLib\iterators</Filter>
    </ClInclude>
    <ClInclude Include="..\..\..\iterators\overflow_iterator.hpp">
      <Filter>hmLib\iterators</Filter>
    </ClInclude>
    <ClInclude Include="..\..\..\iterators\range.hpp">
      <Filter>hmLib\iterators</Filter>
    </ClInclude>
    <ClInclude Include="..\..\..\iterators\transform_iterator.hpp">
      <Filter>hmLib\iterators</Filter>
    </ClInclude>
    <ClInclude Include="..\..\..\iterators\zip_iterator.hpp">
      <Filter>hmLib\iterators</Filter>
    </ClInclude>
    <ClInclude Include="..\..\..\iterators\iterator.hpp">
      <Filter>hmLib\iterators</Filter>
    </ClInclude>
    <ClInclude Include="..\..\..\functional\function_ptr.hpp">
      <Filter>hmLib\functional</Filter>
    </ClInclude>
    <ClInclude Include="..\..\..\functional\share.hpp">
      <Filter>hmLib\functional</Filter>
    </ClInclude>
    <ClInclude Include="..\..\..\csv\csvbase.hpp">
      <Filter>hmLib\csv</Filter>
    </ClInclude>
    <ClInclude Include="..\..\..\csv\csv_iterator.hpp">
      <Filter>hmLib\csv</Filter>
    </ClInclude>
    <ClInclude Include="..\..\..\csv\csv_table.hpp">
      <Filter>hmLib\csv</Filter>
    </ClInclude>
    <ClInclude Include="..\..\..\csv\csvline.hpp">
      <Filter>hmLib\csv</Filter>
    </ClInclude>
    <ClInclude Include="..\..\..\odeint\integrate\breakable_integrate_adaptive.hpp">
      <Filter>hmLib\odeint\integrate</Filter>
    </ClInclude>
    <ClInclude Include="..\..\..\odeint\integrate\breakable_integrate_const.hpp">
      <Filter>hmLib\odeint\integrate</Filter>
    </ClInclude>
    <ClInclude Include="..\..\..\odeint\integrate\integrate_adaptive.hpp">
      <Filter>hmLib\odeint\integrate</Filter>
    </ClInclude>
    <ClInclude Include="..\..\..\odeint\integrate\integrate_const.hpp">
      <Filter>hmLib\odeint\integrate</Filter>
    </ClInclude>
    <ClInclude Include="..\..\..\odeint\validate\state_validate_stepper.hpp">
      <Filter>hmLib\odeint\validate</Filter>
    </ClInclude>
    <ClInclude Include="..\..\..\odeint\validate\validate_result.hpp">
      <Filter>hmLib\odeint\validate</Filter>
    </ClInclude>
    <ClInclude Include="..\..\..\odeint\validate\step_validate_stepper.hpp">
      <Filter>hmLib\odeint\validate</Filter>
    </ClInclude>
    <ClInclude Include="..\..\..\odeint\validate\default_step_validator.hpp">
      <Filter>hmLib\odeint\validate</Filter>
    </ClInclude>
    <ClInclude Include="..\..\..\odeint\validate\non_appendix_observer.hpp">
      <Filter>hmLib\odeint\validate</Filter>
    </ClInclude>
    <ClInclude Include="..\..\..\odeint\border\borders.hpp">
      <Filter>hmLib\odeint\border</Filter>
    </ClInclude>
    <ClInclude Include="..\..\..\odeint\border\element_border.hpp">
      <Filter>hmLib\odeint\border</Filter>
    </ClInclude>
    <ClInclude Include="..\..\..\circular.hpp">
      <Filter>hmLib</Filter>
    </ClInclude>
    <ClInclude Include="..\..\..\clone_ptrproxy.hpp">
      <Filter>hmLib</Filter>
    </ClInclude>
    <ClInclude Include="..\..\..\color.hpp">
      <Filter>hmLib</Filter>
    </ClInclude>
    <ClInclude Include="..\..\..\coordinates.hpp">
      <Filter>hmLib</Filter>
    </ClInclude>
    <ClInclude Include="..\..\..\csv.hpp">
      <Filter>hmLib</Filter>
    </ClInclude>
    <ClInclude Include="..\..\..\csv_iterator.hpp">
      <Filter>hmLib</Filter>
    </ClInclude>
    <ClInclude Include="..\..\..\date.hpp">
      <Filter>hmLib</Filter>
    </ClInclude>
    <ClInclude Include="..\..\..\debugstream.hpp">
      <Filter>hmLib</Filter>
    </ClInclude>
    <ClInclude Include="..\..\..\either.hpp">
      <Filter>hmLib</Filter>
    </ClInclude>
    <ClInclude Include="..\..\..\enumerators.hpp">
      <Filter>hmLib</Filter>
    </ClInclude>
    <ClInclude Include="..\..\..\exceptions.hpp">
      <Filter>hmLib</Filter>
    </ClInclude>
    <ClInclude Include="..\..\..\file_utility.hpp">
      <Filter>hmLib</Filter>
    </ClInclude>
    <ClInclude Include="..\..\..\filterbuf.hpp">
      <Filter>hmLib</Filter>
    </ClInclude>
    <ClInclude Include="..\..\..\functional.hpp">
      <Filter>hmLib</Filter>
    </ClInclude>
    <ClInclude Include="..\..\..\gates.hpp">
      <Filter>hmLib</Filter>
    </ClInclude>
    <ClInclude Include="..\..\..\geometry.hpp">
      <Filter>hmLib</Filter>
    </ClInclude>
    <ClInclude Include="..\..\..\gps.hpp">
      <Filter>hmLib</Filter>
    </ClInclude>
    <ClInclude Include="..\..\..\hash.hpp">
      <Filter>hmLib</Filter>
    </ClInclude>
    <ClInclude Include="..\..\..\inquiries.hpp">
      <Filter>hmLib</Filter>
    </ClInclude>
    <ClInclude Include="..\..\..\io_utility.hpp">
      <Filter>hmLib</Filter>
    </ClInclude>
    <ClInclude Include="..\..\..\iterators.hpp">
      <Filter>hmLib</Filter>
    </ClInclude>
    <ClInclude Include="..\..\..\lattices.hpp">
      <Filter>hmLib</Filter>
    </ClInclude>
    <ClInclude Include="..\..\..\lazy.hpp">
      <Filter>hmLib</Filter>
    </ClInclude>
    <ClInclude Include="..\..\..\math.hpp">
      <Filter>hmLib</Filter>
    </ClInclude>
    <ClInclude Include="..\..\..\mutex_proxy.hpp">
      <Filter>hmLib</Filter>
    </ClInclude>
    <ClInclude Include="..\..\..\odeint.hpp">
      <Filter>hmLib</Filter>
    </ClInclude>
    <ClInclude Include="..\..\..\random.hpp">
      <Filter>hmLib</Filter>
    </ClInclude>
    <ClInclude Include="..\..\..\resource.hpp">
      <Filter>hmLib</Filter>
    </ClInclude>
    <ClInclude Include="..\..\..\signals.hpp">
      <Filter>hmLib</Filter>
    </ClInclude>
    <ClInclude Include="..\..\..\static_buffer.hpp">
      <Filter>hmLib</Filter>
    </ClInclude>
    <ClInclude Include="..\..\..\streambuf_interface.hpp">
      <Filter>hmLib</Filter>
    </ClInclude>
    <ClInclude Include="..\..\..\table.hpp">
      <Filter>hmLib</Filter>
    </ClInclude>
    <ClInclude Include="..\..\..\tuple.hpp">
      <Filter>hmLib</Filter>
    </ClInclude>
    <ClInclude Include="..\..\..\type_traits.hpp">
      <Filter>hmLib</Filter>
    </ClInclude>
    <ClInclude Include="..\..\..\utility.hpp">
      <Filter>hmLib</Filter>
    </ClInclude>
    <ClInclude Include="..\..\..\varray.hpp">
      <Filter>hmLib</Filter>
    </ClInclude>
    <ClInclude Include="..\..\..\config_vc.h">
      <Filter>hmLib</Filter>
    </ClInclude>
    <ClInclude Include="..\..\..\hmLib_config.h">
      <Filter>hmLib</Filter>
    </ClInclude>
    <ClInclude Include="..\..\..\version.h">
      <Filter>hmLib</Filter>
    </ClInclude>
    <ClInclude Include="..\..\..\algorithm.hpp">
      <Filter>hmLib</Filter>
    </ClInclude>
    <ClInclude Include="..\..\..\block_vector.hpp">
      <Filter>hmLib</Filter>
    </ClInclude>
    <ClInclude Include="..\..\..\lattices\lattice.hpp">
      <Filter>hmLib\lattices</Filter>
    </ClInclude>
    <ClInclude Include="..\..\..\lattices\lattice_view.hpp">
      <Filter>hmLib\lattices</Filter>
    </ClInclude>
    <ClInclude Include="..\..\..\lattices\locator.hpp">
      <Filter>hmLib\lattices</Filter>
    </ClInclude>
    <ClInclude Include="..\..\..\lattices\torus_iterator.hpp">
      <Filter>hmLib\lattices</Filter>
    </ClInclude>
    <ClInclude Include="..\..\..\lattices\torus_lattice.hpp">
      <Filter>hmLib\lattices</Filter>
    </ClInclude>
    <ClInclude Include="..\..\..\lattices\torus_lattice_view.hpp">
      <Filter>hmLib\lattices</Filter>
    </ClInclude>
    <ClInclude Include="..\..\..\lattices\torus_locator.hpp">
      <Filter>hmLib\lattices</Filter>
    </ClInclude>
    <ClInclude Include="..\..\..\lattices\utility.hpp">
      <Filter>hmLib\lattices</Filter>
    </ClInclude>
    <ClInclude Include="..\..\..\lattices\zip_lattice.hpp">
      <Filter>hmLib\lattices</Filter>
    </ClInclude>
    <ClInclude Include="..\..\..\lattices\block_lattice.hpp">
      <Filter>hmLib\lattices</Filter>
    </ClInclude>
    <ClInclude Include="..\..\..\lattices\exceptions.hpp">
      <Filter>hmLib\lattices</Filter>
    </ClInclude>
    <ClInclude Include="..\..\..\lattices\indexer.hpp">
      <Filter>hmLib\lattices</Filter>
    </ClInclude>
    <ClInclude Include="..\..\..\lattices\iterator.hpp">
      <Filter>hmLib\lattices</Filter>
    </ClInclude>
    <ClInclude Include="..\..\..\math\minima.hpp">
      <Filter>hmLib\math</Filter>
    </ClInclude>
    <ClInclude Include="..\..\..\math\multiaxis.hpp">
      <Filter>hmLib\math</Filter>
    </ClInclude>
    <ClInclude Include="..\..\..\math\optimize.hpp">
      <Filter>hmLib\math</Filter>
    </ClInclude>
    <ClInclude Include="..\..\..\math\root.hpp">
      <Filter>hmLib\math</Filter>
    </ClInclude>
    <ClInclude Include="..\..\..\math\static_math.hpp">
      <Filter>hmLib\math</Filter>
    </ClInclude>
    <ClInclude Include="..\..\..\math\axis.hpp">
      <Filter>hmLib\math</Filter>
    </ClInclude>
    <ClInclude Include="..\..\..\math\combinatorics.hpp">
      <Filter>hmLib\math</Filter>
    </ClInclude>
    <ClInclude Include="..\..\..\math\constants.hpp">
      <Filter>hmLib\math</Filter>
    </ClInclude>
    <ClInclude Include="..\..\..\math\histgram.hpp">
      <Filter>hmLib\math</Filter>
    </ClInclude>
    <ClInclude Include="..\..\..\odeint\observer\stream_observer.hpp">
      <Filter>hmLib\odeint\observer</Filter>
    </ClInclude>
    <ClInclude Include="..\..\..\odeint\observer\iterator_observer.hpp">
      <Filter>hmLib\odeint\observer</Filter>
    </ClInclude>
    <ClInclude Include="..\..\..\odeint\observer\histgoram_observer.hpp">
      <Filter>hmLib\odeint\observer</Filter>
    </ClInclude>
    <ClInclude Include="..\..\..\odeint\validate.hpp">
      <Filter>hmLib\odeint</Filter>
    </ClInclude>
    <ClInclude Include="..\..\..\odeint\varray_wrapper.hpp">
      <Filter>hmLib\odeint</Filter>
    </ClInclude>
    <ClInclude Include="..\..\..\odeint\adaptive_stepper.hpp">
      <Filter>hmLib\odeint</Filter>
    </ClInclude>
    <ClInclude Include="..\..\..\odeint\border.hpp">
      <Filter>hmLib\odeint</Filter>
    </ClInclude>
    <ClInclude Include="..\..\..\odeint\integrate.hpp">
      <Filter>hmLib\odeint</Filter>
    </ClInclude>
    <ClInclude Include="..\..\..\odeint\stepper_categories.hpp">
      <Filter>hmLib\odeint</Filter>
    </ClInclude>
    <ClInclude Include="..\..\..\odeint\utility.hpp">
      <Filter>hmLib\odeint</Filter>
    </ClInclude>
    <ClInclude Include="..\..\..\odeint\recursive\recurrence.hpp">
      <Filter>hmLib\odeint\recursive</Filter>
    </ClInclude>
    <ClInclude Include="..\..\..\odeint\recursive\breakable_recurrence.hpp">
      <Filter>hmLib\odeint\recursive</Filter>
    </ClInclude>
    <ClInclude Include="..\..\..\odeint\recursive\time_update_checker.hpp">
      <Filter>hmLib\odeint\recursive</Filter>
    </ClInclude>
    <ClInclude Include="..\..\..\odeint\recursive.hpp">
      <Filter>hmLib\odeint</Filter>
    </ClInclude>
    <ClInclude Include="..\..\..\odeint\observer\null_observer.hpp">
      <Filter>hmLib\odeint\observer</Filter>
    </ClInclude>
    <ClInclude Include="..\..\..\odeint\observer\observer_pack.hpp">
      <Filter>hmLib\odeint\observer</Filter>
    </ClInclude>
    <ClInclude Include="..\..\..\odeint\breaker\time_overflow_breaker.hpp">
      <Filter>hmLib\odeint\breaker</Filter>
    </ClInclude>
    <ClInclude Include="..\..\..\odeint\breaker\state_breaker.hpp">
      <Filter>hmLib\odeint\breaker</Filter>
    </ClInclude>
    <ClInclude Include="..\..\..\odeint\breaker\breaker_pack.hpp">
      <Filter>hmLib\odeint\breaker</Filter>
    </ClInclude>
    <ClInclude Include="..\..\..\blocks.hpp">
      <Filter>hmLib</Filter>
    </ClInclude>
  </ItemGroup>
  <ItemGroup>
    <ClCompile Include="..\..\..\use_blocks.cpp">
      <Filter>ソースファイル</Filter>
    </ClCompile>
  </ItemGroup>
</Project>