<?xml version="1.0" encoding="utf-8"?>
<Project ToolsVersion="4.0" xmlns="http://schemas.microsoft.com/developer/msbuild/2003">
  <ItemGroup>
    <Filter Include="ソース ファイル">
      <UniqueIdentifier>{4FC737F1-C7A5-4376-A066-2A32D752A2FF}</UniqueIdentifier>
      <Extensions>cpp;c;cc;cxx;def;odl;idl;hpj;bat;asm;asmx</Extensions>
    </Filter>
    <Filter Include="ヘッダー ファイル">
      <UniqueIdentifier>{93995380-89BD-4b04-88EB-625FBE52EBFB}</UniqueIdentifier>
      <Extensions>h;hh;hpp;hxx;hm;inl;inc;xsd</Extensions>
    </Filter>
    <Filter Include="リソース ファイル">
      <UniqueIdentifier>{67DA6AB6-F800-4c08-8B7A-83BB121AAD01}</UniqueIdentifier>
      <Extensions>rc;ico;cur;bmp;dlg;rc2;rct;bin;rgs;gif;jpg;jpeg;jpe;resx;tiff;tif;png;wav;mfcribbon-ms</Extensions>
    </Filter>
    <Filter Include="hmLib">
      <UniqueIdentifier>{5c40190c-7a39-4404-8867-626d545f0ebb}</UniqueIdentifier>
    </Filter>
  </ItemGroup>
  <ItemGroup>
    <ClInclude Include="..\..\..\hmLib\algorithm.hpp">
      <Filter>hmLib</Filter>
    </ClInclude>
    <ClInclude Include="..\..\..\hmLib\any_iterator.hpp">
      <Filter>hmLib</Filter>
    </ClInclude>
    <ClInclude Include="..\..\..\hmLib\array_queue.hpp">
      <Filter>hmLib</Filter>
    </ClInclude>
    <ClInclude Include="..\..\..\hmLib\bufgate.hpp">
      <Filter>hmLib</Filter>
    </ClInclude>
    <ClInclude Include="..\..\..\hmLib\color.hpp">
      <Filter>hmLib</Filter>
    </ClInclude>
    <ClInclude Include="..\..\..\hmLib\comgate.hpp">
      <Filter>hmLib</Filter>
    </ClInclude>
    <ClInclude Include="..\..\..\hmLib\config_vc.h">
      <Filter>hmLib</Filter>
    </ClInclude>
    <ClInclude Include="..\..\..\hmLib\coordinates.hpp">
      <Filter>hmLib</Filter>
    </ClInclude>
    <ClInclude Include="..\..\..\hmLib\date.hpp">
      <Filter>hmLib</Filter>
    </ClInclude>
    <ClInclude Include="..\..\..\hmLib\debugstream.hpp">
      <Filter>hmLib</Filter>
    </ClInclude>
    <ClInclude Include="..\..\..\hmLib\exceptions.hpp">
      <Filter>hmLib</Filter>
    </ClInclude>
    <ClInclude Include="..\..\..\hmLib\filterbuf.hpp">
      <Filter>hmLib</Filter>
    </ClInclude>
    <ClInclude Include="..\..\..\hmLib\gate.hpp">
      <Filter>hmLib</Filter>
    </ClInclude>
    <ClInclude Include="..\..\..\hmLib\inquiries.hpp">
      <Filter>hmLib</Filter>
    </ClInclude>
    <ClInclude Include="..\..\..\hmLib\mutex_proxy.hpp">
      <Filter>hmLib</Filter>
    </ClInclude>
    <ClInclude Include="..\..\..\hmLib\position.hpp">
      <Filter>hmLib</Filter>
    </ClInclude>
    <ClInclude Include="..\..\..\hmLib\random.hpp">
      <Filter>hmLib</Filter>
    </ClInclude>
    <ClInclude Include="..\..\..\hmLib\rectangle.hpp">
      <Filter>hmLib</Filter>
    </ClInclude>
    <ClInclude Include="..\..\..\hmLib\signals.hpp">
      <Filter>hmLib</Filter>
    </ClInclude>
    <ClInclude Include="..\..\..\hmLib\stream_utility.hpp">
      <Filter>hmLib</Filter>
    </ClInclude>
    <ClInclude Include="..\..\..\hmLib\streambuf_interface.hpp">
      <Filter>hmLib</Filter>
    </ClInclude>
    <ClInclude Include="..\..\..\hmLib\typemanage.hpp">
      <Filter>hmLib</Filter>
    </ClInclude>
    <ClInclude Include="..\..\..\hmLib\utility.hpp">
      <Filter>hmLib</Filter>
    </ClInclude>
    <ClInclude Include="..\..\..\hmLib\version.h">
      <Filter>hmLib</Filter>
    </ClInclude>
    <ClInclude Include="..\..\..\hmLib\type.h">
      <Filter>hmLib</Filter>
    </ClInclude>
    <ClInclude Include="..\..\..\hmLib\gps.hpp">
      <Filter>hmLib</Filter>
    </ClInclude>
    <ClInclude Include="..\..\..\hmLib\lattice_view.hpp">
      <Filter>hmLib</Filter>
    </ClInclude>
    <ClInclude Include="..\..\..\hmLib\lattice_iterator.hpp">
      <Filter>hmLib</Filter>
    </ClInclude>
  </ItemGroup>
  <ItemGroup>
    <ClCompile Include="..\..\..\hmLib\comgate.cpp">
      <Filter>hmLib</Filter>
    </ClCompile>
    <ClCompile Include="..\..\..\hmLib\coordinates.cpp">
      <Filter>hmLib</Filter>
    </ClCompile>
    <ClCompile Include="..\..\..\hmLib\debugstream.cpp">
      <Filter>hmLib</Filter>
    </ClCompile>
    <ClCompile Include="..\..\..\hmLib\random.cpp">
      <Filter>hmLib</Filter>
    </ClCompile>
    <ClCompile Include="main.cpp">
      <Filter>ソース ファイル</Filter>
    </ClCompile>
  </ItemGroup>
</Project>